
Microsoft Visual Studio Solution File, Format Version 12.00
# Visual Studio Version 17
VisualStudioVersion = 17.1.32319.34
MinimumVisualStudioVersion = 10.0.40219.1
Project("{FAE04EC0-301F-11D3-BF4B-00C04F79EFBC}") = "Models", "Models\Models.csproj", "{1C0C3B5D-B7E1-4587-BA1E-E295B4BB8C14}"
EndProject
Project("{FAE04EC0-301F-11D3-BF4B-00C04F79EFBC}") = "kpz_2_UI", "kpz_2_UI\kpz_2_UI.csproj", "{0460C516-84FD-44E7-B0FC-AF5C57228365}"
EndProject
Global
	GlobalSection(SolutionConfigurationPlatforms) = preSolution
		Debug|Any CPU = Debug|Any CPU
		Release|Any CPU = Release|Any CPU
	EndGlobalSection
	GlobalSection(ProjectConfigurationPlatforms) = postSolution
		{1C0C3B5D-B7E1-4587-BA1E-E295B4BB8C14}.Debug|Any CPU.ActiveCfg = Debug|Any CPU
		{1C0C3B5D-B7E1-4587-BA1E-E295B4BB8C14}.Debug|Any CPU.Build.0 = Debug|Any CPU
		{1C0C3B5D-B7E1-4587-BA1E-E295B4BB8C14}.Release|Any CPU.ActiveCfg = Release|Any CPU
		{1C0C3B5D-B7E1-4587-BA1E-E295B4BB8C14}.Release|Any CPU.Build.0 = Release|Any CPU
		{0460C516-84FD-44E7-B0FC-AF5C57228365}.Debug|Any CPU.ActiveCfg = Debug|Any CPU
		{0460C516-84FD-44E7-B0FC-AF5C57228365}.Debug|Any CPU.Build.0 = Debug|Any CPU
		{0460C516-84FD-44E7-B0FC-AF5C57228365}.Release|Any CPU.ActiveCfg = Release|Any CPU
		{0460C516-84FD-44E7-B0FC-AF5C57228365}.Release|Any CPU.Build.0 = Release|Any CPU
	EndGlobalSection
	GlobalSection(SolutionProperties) = preSolution
		HideSolutionNode = FALSE
	EndGlobalSection
	GlobalSection(ExtensibilityGlobals) = postSolution
		SolutionGuid = {0A9EDF31-CA99-4CA9-B27F-E5533FABFC9D}
	EndGlobalSection
EndGlobal
